
Microsoft Visual Studio Solution File, Format Version 12.00
# Visual Studio Version 16
VisualStudioVersion = 16.0.32106.194
MinimumVisualStudioVersion = 10.0.40219.1
Project("{FAE04EC0-301F-11D3-BF4B-00C04F79EFBC}") = "MakaleWebProject", "MakaleWebProject\MakaleWebProject.csproj", "{6BBB8B38-7427-4DED-B8D5-3B610B0EAF63}"
EndProject
Project("{FAE04EC0-301F-11D3-BF4B-00C04F79EFBC}") = "Makale.Entities", "Makale.Entities\Makale.Entities.csproj", "{3D6859E8-5F4B-49B2-962F-44B6916501EB}"
EndProject
Project("{FAE04EC0-301F-11D3-BF4B-00C04F79EFBC}") = "Makale.DataAccessLayer", "Makale.DataAccessLayer\Makale.DataAccessLayer.csproj", "{7277D56D-D303-4E71-AFF2-64409780D7D6}"
EndProject
Project("{FAE04EC0-301F-11D3-BF4B-00C04F79EFBC}") = "Makale.BusinessLayer", "Makale.BusinessLayer\Makale.BusinessLayer.csproj", "{126AD19C-1A21-4075-A7E0-6CA8FCEA16B8}"
EndProject
Project("{FAE04EC0-301F-11D3-BF4B-00C04F79EFBC}") = "Makale.Common", "Makale.Common\Makale.Common.csproj", "{782777D2-A17B-4FA0-9E20-27E03349FD1F}"
EndProject
Global
	GlobalSection(SolutionConfigurationPlatforms) = preSolution
		Debug|Any CPU = Debug|Any CPU
		Release|Any CPU = Release|Any CPU
	EndGlobalSection
	GlobalSection(ProjectConfigurationPlatforms) = postSolution
		{6BBB8B38-7427-4DED-B8D5-3B610B0EAF63}.Debug|Any CPU.ActiveCfg = Debug|Any CPU
		{6BBB8B38-7427-4DED-B8D5-3B610B0EAF63}.Debug|Any CPU.Build.0 = Debug|Any CPU
		{6BBB8B38-7427-4DED-B8D5-3B610B0EAF63}.Release|Any CPU.ActiveCfg = Release|Any CPU
		{6BBB8B38-7427-4DED-B8D5-3B610B0EAF63}.Release|Any CPU.Build.0 = Release|Any CPU
		{3D6859E8-5F4B-49B2-962F-44B6916501EB}.Debug|Any CPU.ActiveCfg = Debug|Any CPU
		{3D6859E8-5F4B-49B2-962F-44B6916501EB}.Debug|Any CPU.Build.0 = Debug|Any CPU
		{3D6859E8-5F4B-49B2-962F-44B6916501EB}.Release|Any CPU.ActiveCfg = Release|Any CPU
		{3D6859E8-5F4B-49B2-962F-44B6916501EB}.Release|Any CPU.Build.0 = Release|Any CPU
		{7277D56D-D303-4E71-AFF2-64409780D7D6}.Debug|Any CPU.ActiveCfg = Debug|Any CPU
		{7277D56D-D303-4E71-AFF2-64409780D7D6}.Debug|Any CPU.Build.0 = Debug|Any CPU
		{7277D56D-D303-4E71-AFF2-64409780D7D6}.Release|Any CPU.ActiveCfg = Release|Any CPU
		{7277D56D-D303-4E71-AFF2-64409780D7D6}.Release|Any CPU.Build.0 = Release|Any CPU
		{126AD19C-1A21-4075-A7E0-6CA8FCEA16B8}.Debug|Any CPU.ActiveCfg = Debug|Any CPU
		{126AD19C-1A21-4075-A7E0-6CA8FCEA16B8}.Debug|Any CPU.Build.0 = Debug|Any CPU
		{126AD19C-1A21-4075-A7E0-6CA8FCEA16B8}.Release|Any CPU.ActiveCfg = Release|Any CPU
		{126AD19C-1A21-4075-A7E0-6CA8FCEA16B8}.Release|Any CPU.Build.0 = Release|Any CPU
		{782777D2-A17B-4FA0-9E20-27E03349FD1F}.Debug|Any CPU.ActiveCfg = Debug|Any CPU
		{782777D2-A17B-4FA0-9E20-27E03349FD1F}.Debug|Any CPU.Build.0 = Debug|Any CPU
		{782777D2-A17B-4FA0-9E20-27E03349FD1F}.Release|Any CPU.ActiveCfg = Release|Any CPU
		{782777D2-A17B-4FA0-9E20-27E03349FD1F}.Release|Any CPU.Build.0 = Release|Any CPU
	EndGlobalSection
	GlobalSection(SolutionProperties) = preSolution
		HideSolutionNode = FALSE
	EndGlobalSection
	GlobalSection(ExtensibilityGlobals) = postSolution
		SolutionGuid = {CA4A719B-9C5B-4363-9B28-E4165B0366B6}
	EndGlobalSection
EndGlobal
